{
  "name": "smoke-test",
  "version": "1.0.0",
  "lockfileVersion": 3,
  "requires": true,
  "packages": {
    "": {
      "name": "smoke-test",
      "version": "1.0.0",
      "license": "ISC",
      "dependencies": {
        "ysd-jwt": "^0.1.0"
      }
    },
    "node_modules/ysd-jwt": {
      "version": "0.1.0",
      "resolved": "https://registry.npmjs.org/ysd-jwt/-/ysd-jwt-0.1.0.tgz",
      "integrity": "sha512-ZHQDL3D2C5ZY3GPULm0os8kuQJu2v3sIVdjR7uNYU87+WVW6slvcnsxwd7kiJEk5gEwCyBVv9RKJ8eSSG5LSpA==",
      "license": "MIT",
      "engines": {
        "node": ">=14"
      }
    }
  }
}
